{
  "name": "book-cli",
  "version": "1.1.0",
  "lockfileVersion": 1,
  "requires": true,
  "dependencies": {
    "mime": {
      "version": "1.2.11",
      "resolved": "https://registry.npmjs.org/mime/-/mime-1.2.11.tgz",
      "integrity": "sha1-WCA+7Ybjpe8XrtK32evUfwpg3RA="
    },
    "minimist": {
      "version": "0.2.0",
      "resolved": "https://registry.npmjs.org/minimist/-/minimist-0.2.0.tgz",
      "integrity": "sha1-Tf/lJdriuGTGbC4jxicdev3s784="
    },
    "static-html-server": {
      "version": "0.1.2",
      "resolved": "https://registry.npmjs.org/static-html-server/-/static-html-server-0.1.2.tgz",
      "integrity": "sha1-15EKUUZRSlaZX4KqYOSIHjTCSvo=",
      "requires": {
        "mime": "1.2.11",
        "minimist": "0.2.0"
      }
    }
  }
}
